
Microsoft Visual Studio Solution File, Format Version 12.00
# Visual Studio Version 17
VisualStudioVersion = 17.1.32414.318
MinimumVisualStudioVersion = 10.0.40219.1
Project("{9A19103F-16F7-4668-BE54-9A1E7A4F7556}") = "Shuttle.Access", "Shuttle.Access\Shuttle.Access.csproj", "{199AE83F-04AB-4624-AF81-51D3173CBD14}"
EndProject
Project("{00D1A9C2-B5F0-4AF3-8072-F6C62B433612}") = "Shuttle.Access.Database", "Shuttle.Access.Database\Shuttle.Access.Database.sqlproj", "{84C628EB-6DF0-4BD4-8832-F99B5D1C0AC1}"
EndProject
Project("{9A19103F-16F7-4668-BE54-9A1E7A4F7556}") = "Shuttle.Access.Messages", "Shuttle.Access.Messages\Shuttle.Access.Messages.csproj", "{1B121ED0-866F-4371-A254-CE89CCA60D8F}"
EndProject
Project("{9A19103F-16F7-4668-BE54-9A1E7A4F7556}") = "Shuttle.Access.Server", "Shuttle.Access.Server\Shuttle.Access.Server.csproj", "{074BE481-D7B5-4BAE-9CCD-E2FC8F1A3258}"
EndProject
Project("{9A19103F-16F7-4668-BE54-9A1E7A4F7556}") = "Shuttle.Access.Projection", "Shuttle.Access.Projection\Shuttle.Access.Projection.csproj", "{62335534-8233-47B4-B184-D63ADF22BDFE}"
EndProject
Project("{9A19103F-16F7-4668-BE54-9A1E7A4F7556}") = "Shuttle.Access.Sql", "Shuttle.Access.Sql\Shuttle.Access.Sql.csproj", "{C53CFA47-530C-4994-9530-6CA78FEB50C7}"
EndProject
Project("{9A19103F-16F7-4668-BE54-9A1E7A4F7556}") = "Shuttle.Access.Tests", "Shuttle.Access.Tests\Shuttle.Access.Tests.csproj", "{F73242AF-AE6C-4C73-B542-D2200BEEA110}"
EndProject
Project("{2150E333-8FDC-42A3-9474-1A3956D46DE8}") = "Solution Items", "Solution Items", "{9721FF0E-91D7-43E1-88A0-2DFF02AC2A66}"
	ProjectSection(SolutionItems) = preProject
		.editorconfig = .editorconfig
		Directory.Build.props = Directory.Build.props
		package.msbuild = package.msbuild
		README.md = README.md
	EndProjectSection
EndProject
Project("{9A19103F-16F7-4668-BE54-9A1E7A4F7556}") = "Shuttle.Access.Tests.Integration", "Shuttle.Access.Tests.Integration\Shuttle.Access.Tests.Integration.csproj", "{AFC0D1D0-588B-4E9B-9B2E-230A769C929D}"
EndProject
Project("{2150E333-8FDC-42A3-9474-1A3956D46DE8}") = ".azure", ".azure", "{D53FEDEF-EE4C-4F47-8248-F3C8AB932585}"
	ProjectSection(SolutionItems) = preProject
		.azure\access.projection.service = .azure\access.projection.service
		.azure\access.server.service = .azure\access.server.service
		.azure\access.webapi.service = .azure\access.webapi.service
		.azure\build-pipeline.yml = .azure\build-pipeline.yml
		.azure\Projection.App.config = .azure\Projection.App.config
		.azure\Server.App.config = .azure\Server.App.config
		.azure\WebApi.App.config = .azure\WebApi.App.config
		.azure\WebApi.log4net.xml = .azure\WebApi.log4net.xml
		.azure\WebApi.web.config = .azure\WebApi.web.config
	EndProjectSection
EndProject
Project("{9A19103F-16F7-4668-BE54-9A1E7A4F7556}") = "Shuttle.Access.Application", "Shuttle.Access.Application\Shuttle.Access.Application.csproj", "{A9DC3DDF-2047-42E1-BDE2-DE1F4336FEE9}"
EndProject
Project("{2150E333-8FDC-42A3-9474-1A3956D46DE8}") = ".package", ".package", "{5417FE2A-8368-4E91-B58D-CF4DE6AA596C}"
	ProjectSection(SolutionItems) = preProject
		.package\docker-compose-otel.yml = .package\docker-compose-otel.yml
		.package\docker-compose.yml = .package\docker-compose.yml
		.package\docker-pull.cmd = .package\docker-pull.cmd
		.package\docker-push.cmd = .package\docker-push.cmd
		.package\dockerfile-linux-sqlserver-demo = .package\dockerfile-linux-sqlserver-demo
		.package\dockerfile-projection = .package\dockerfile-projection
		.package\dockerfile-server = .package\dockerfile-server
		.package\dockerfile-webapi = .package\dockerfile-webapi
		.package\package.msbuild = .package\package.msbuild
		.package\projection-appsettings.json = .package\projection-appsettings.json
		.package\server-appsettings.json = .package\server-appsettings.json
		.package\webapi-appsettings.json = .package\webapi-appsettings.json
	EndProjectSection
EndProject
Project("{9A19103F-16F7-4668-BE54-9A1E7A4F7556}") = "Shuttle.Access.RestClient", "Shuttle.Access.RestClient\Shuttle.Access.RestClient.csproj", "{3574746C-1AF7-4BA4-A09B-9BCDEFB33606}"
EndProject
Project("{2150E333-8FDC-42A3-9474-1A3956D46DE8}") = ".scripts", ".scripts", "{6DA5EEC6-8CEE-49FC-9B43-216522860637}"
	ProjectSection(SolutionItems) = preProject
		.scripts\truncate.sql = .scripts\truncate.sql
	EndProjectSection
EndProject
Project("{9A19103F-16F7-4668-BE54-9A1E7A4F7556}") = "Shuttle.Access.WebApi", "Shuttle.Access.WebApi\Shuttle.Access.WebApi.csproj", "{D5B9A7B4-51EC-4764-B2D8-7D3883F302C1}"
EndProject
Project("{9A19103F-16F7-4668-BE54-9A1E7A4F7556}") = "Shuttle.Access.AspNetCore", "Shuttle.Access.AspNetCore\Shuttle.Access.AspNetCore.csproj", "{49683DBC-F161-4371-813A-4D5011855DE5}"
EndProject
Project("{FAE04EC0-301F-11D3-BF4B-00C04F79EFBC}") = "Shuttle.Access.EFCore.SqlServer", "Shuttle.Access.EFCore.SqlServer\Shuttle.Access.EFCore.SqlServer.csproj", "{2BD48FFC-6ACE-4391-B679-E6C85DB4D837}"
EndProject
Global
	GlobalSection(SolutionConfigurationPlatforms) = preSolution
		Debug|Any CPU = Debug|Any CPU
		Release|Any CPU = Release|Any CPU
	EndGlobalSection
	GlobalSection(ProjectConfigurationPlatforms) = postSolution
		{199AE83F-04AB-4624-AF81-51D3173CBD14}.Debug|Any CPU.ActiveCfg = Debug|Any CPU
		{199AE83F-04AB-4624-AF81-51D3173CBD14}.Debug|Any CPU.Build.0 = Debug|Any CPU
		{199AE83F-04AB-4624-AF81-51D3173CBD14}.Release|Any CPU.ActiveCfg = Release|Any CPU
		{199AE83F-04AB-4624-AF81-51D3173CBD14}.Release|Any CPU.Build.0 = Release|Any CPU
		{84C628EB-6DF0-4BD4-8832-F99B5D1C0AC1}.Debug|Any CPU.ActiveCfg = Debug|Any CPU
		{84C628EB-6DF0-4BD4-8832-F99B5D1C0AC1}.Debug|Any CPU.Build.0 = Debug|Any CPU
		{84C628EB-6DF0-4BD4-8832-F99B5D1C0AC1}.Debug|Any CPU.Deploy.0 = Debug|Any CPU
		{84C628EB-6DF0-4BD4-8832-F99B5D1C0AC1}.Release|Any CPU.ActiveCfg = Release|Any CPU
		{84C628EB-6DF0-4BD4-8832-F99B5D1C0AC1}.Release|Any CPU.Build.0 = Release|Any CPU
		{84C628EB-6DF0-4BD4-8832-F99B5D1C0AC1}.Release|Any CPU.Deploy.0 = Release|Any CPU
		{1B121ED0-866F-4371-A254-CE89CCA60D8F}.Debug|Any CPU.ActiveCfg = Debug|Any CPU
		{1B121ED0-866F-4371-A254-CE89CCA60D8F}.Debug|Any CPU.Build.0 = Debug|Any CPU
		{1B121ED0-866F-4371-A254-CE89CCA60D8F}.Release|Any CPU.ActiveCfg = Release|Any CPU
		{1B121ED0-866F-4371-A254-CE89CCA60D8F}.Release|Any CPU.Build.0 = Release|Any CPU
		{074BE481-D7B5-4BAE-9CCD-E2FC8F1A3258}.Debug|Any CPU.ActiveCfg = Debug|Any CPU
		{074BE481-D7B5-4BAE-9CCD-E2FC8F1A3258}.Debug|Any CPU.Build.0 = Debug|Any CPU
		{074BE481-D7B5-4BAE-9CCD-E2FC8F1A3258}.Release|Any CPU.ActiveCfg = Release|Any CPU
		{074BE481-D7B5-4BAE-9CCD-E2FC8F1A3258}.Release|Any CPU.Build.0 = Release|Any CPU
		{62335534-8233-47B4-B184-D63ADF22BDFE}.Debug|Any CPU.ActiveCfg = Debug|Any CPU
		{62335534-8233-47B4-B184-D63ADF22BDFE}.Debug|Any CPU.Build.0 = Debug|Any CPU
		{62335534-8233-47B4-B184-D63ADF22BDFE}.Release|Any CPU.ActiveCfg = Release|Any CPU
		{62335534-8233-47B4-B184-D63ADF22BDFE}.Release|Any CPU.Build.0 = Release|Any CPU
		{C53CFA47-530C-4994-9530-6CA78FEB50C7}.Debug|Any CPU.ActiveCfg = Debug|Any CPU
		{C53CFA47-530C-4994-9530-6CA78FEB50C7}.Debug|Any CPU.Build.0 = Debug|Any CPU
		{C53CFA47-530C-4994-9530-6CA78FEB50C7}.Release|Any CPU.ActiveCfg = Release|Any CPU
		{C53CFA47-530C-4994-9530-6CA78FEB50C7}.Release|Any CPU.Build.0 = Release|Any CPU
		{F73242AF-AE6C-4C73-B542-D2200BEEA110}.Debug|Any CPU.ActiveCfg = Debug|Any CPU
		{F73242AF-AE6C-4C73-B542-D2200BEEA110}.Debug|Any CPU.Build.0 = Debug|Any CPU
		{F73242AF-AE6C-4C73-B542-D2200BEEA110}.Release|Any CPU.ActiveCfg = Release|Any CPU
		{F73242AF-AE6C-4C73-B542-D2200BEEA110}.Release|Any CPU.Build.0 = Release|Any CPU
		{AFC0D1D0-588B-4E9B-9B2E-230A769C929D}.Debug|Any CPU.ActiveCfg = Debug|Any CPU
		{AFC0D1D0-588B-4E9B-9B2E-230A769C929D}.Debug|Any CPU.Build.0 = Debug|Any CPU
		{AFC0D1D0-588B-4E9B-9B2E-230A769C929D}.Release|Any CPU.ActiveCfg = Release|Any CPU
		{AFC0D1D0-588B-4E9B-9B2E-230A769C929D}.Release|Any CPU.Build.0 = Release|Any CPU
		{A9DC3DDF-2047-42E1-BDE2-DE1F4336FEE9}.Debug|Any CPU.ActiveCfg = Debug|Any CPU
		{A9DC3DDF-2047-42E1-BDE2-DE1F4336FEE9}.Debug|Any CPU.Build.0 = Debug|Any CPU
		{A9DC3DDF-2047-42E1-BDE2-DE1F4336FEE9}.Release|Any CPU.ActiveCfg = Release|Any CPU
		{A9DC3DDF-2047-42E1-BDE2-DE1F4336FEE9}.Release|Any CPU.Build.0 = Release|Any CPU
		{3574746C-1AF7-4BA4-A09B-9BCDEFB33606}.Debug|Any CPU.ActiveCfg = Debug|Any CPU
		{3574746C-1AF7-4BA4-A09B-9BCDEFB33606}.Debug|Any CPU.Build.0 = Debug|Any CPU
		{3574746C-1AF7-4BA4-A09B-9BCDEFB33606}.Release|Any CPU.ActiveCfg = Release|Any CPU
		{3574746C-1AF7-4BA4-A09B-9BCDEFB33606}.Release|Any CPU.Build.0 = Release|Any CPU
		{D5B9A7B4-51EC-4764-B2D8-7D3883F302C1}.Debug|Any CPU.ActiveCfg = Debug|Any CPU
		{D5B9A7B4-51EC-4764-B2D8-7D3883F302C1}.Debug|Any CPU.Build.0 = Debug|Any CPU
		{D5B9A7B4-51EC-4764-B2D8-7D3883F302C1}.Release|Any CPU.ActiveCfg = Release|Any CPU
		{D5B9A7B4-51EC-4764-B2D8-7D3883F302C1}.Release|Any CPU.Build.0 = Release|Any CPU
		{49683DBC-F161-4371-813A-4D5011855DE5}.Debug|Any CPU.ActiveCfg = Debug|Any CPU
		{49683DBC-F161-4371-813A-4D5011855DE5}.Debug|Any CPU.Build.0 = Debug|Any CPU
		{49683DBC-F161-4371-813A-4D5011855DE5}.Release|Any CPU.ActiveCfg = Release|Any CPU
		{49683DBC-F161-4371-813A-4D5011855DE5}.Release|Any CPU.Build.0 = Release|Any CPU
		{2BD48FFC-6ACE-4391-B679-E6C85DB4D837}.Debug|Any CPU.ActiveCfg = Debug|Any CPU
		{2BD48FFC-6ACE-4391-B679-E6C85DB4D837}.Debug|Any CPU.Build.0 = Debug|Any CPU
		{2BD48FFC-6ACE-4391-B679-E6C85DB4D837}.Release|Any CPU.ActiveCfg = Release|Any CPU
		{2BD48FFC-6ACE-4391-B679-E6C85DB4D837}.Release|Any CPU.Build.0 = Release|Any CPU
	EndGlobalSection
	GlobalSection(SolutionProperties) = preSolution
		HideSolutionNode = FALSE
	EndGlobalSection
	GlobalSection(ExtensibilityGlobals) = postSolution
		SolutionGuid = {CA4B6579-8612-4C58-87FF-C736F48C33AC}
	EndGlobalSection
EndGlobal
