{
  "name": "access",
  "version": "1.0.0",
  "lockfileVersion": 1,
  "requires": true,
  "dependencies": {
    "Base64": {
      "version": "0.2.1",
      "resolved": "https://registry.npmjs.org/Base64/-/Base64-0.2.1.tgz",
      "integrity": "sha1-ujpCMHCOGGcFBl5mur3Uw1z2ACg="
    },
    "asn1.js": {
      "version": "4.9.2",
      "resolved": "https://registry.npmjs.org/asn1.js/-/asn1.js-4.9.2.tgz",
      "integrity": "sha512-b/OsSjvWEo8Pi8H0zsDd2P6Uqo2TK2pH8gNLSJtNLM2Db0v2QaAZ0pBQJXVjAn4gBuugeVDr7s63ZogpUIwWDg==",
      "requires": {
        "bn.js": "4.11.8",
        "inherits": "2.0.1",
        "minimalistic-assert": "1.0.0"
      }
    },
    "assert": {
      "version": "1.4.1",
      "resolved": "https://registry.npmjs.org/assert/-/assert-1.4.1.tgz",
      "integrity": "sha1-mZEtWRg2tab1s0XA8H7vwI/GXZE=",
      "requires": {
        "util": "0.10.3"
      }
    },
    "base64-js": {
      "version": "1.2.1",
      "resolved": "https://registry.npmjs.org/base64-js/-/base64-js-1.2.1.tgz",
      "integrity": "sha512-dwVUVIXsBZXwTuwnXI9RK8sBmgq09NDHzyR9SAph9eqk76gKK2JSQmZARC2zRC81JC2QTtxD0ARU5qTS25gIGw=="
    },
    "bn.js": {
      "version": "4.11.8",
      "resolved": "https://registry.npmjs.org/bn.js/-/bn.js-4.11.8.tgz",
      "integrity": "sha512-ItfYfPLkWHUjckQCk8xC+LwxgK8NYcXywGigJgSwOP8Y2iyWT4f2vsZnoOXTTbo+o5yXmIUJ4gn5538SO5S3gA=="
    },
    "bootstrap": {
      "version": "4.0.0-beta.2",
      "resolved": "https://registry.npmjs.org/bootstrap/-/bootstrap-4.0.0-beta.2.tgz",
      "integrity": "sha512-DzGtdTlKbrMoGMpz0LigKSqJ+MgtFKxA791PU/q062OlRG0HybNZcTLH7rpDAmLS66Y3esN9yzKHLLbqa5UR3w=="
    },
    "brorand": {
      "version": "1.1.0",
      "resolved": "https://registry.npmjs.org/brorand/-/brorand-1.1.0.tgz",
      "integrity": "sha1-EsJe/kCkXjwyPrhnWgoM5XsiNx8="
    },
    "browserify-aes": {
      "version": "1.1.1",
      "resolved": "https://registry.npmjs.org/browserify-aes/-/browserify-aes-1.1.1.tgz",
      "integrity": "sha512-UGnTYAnB2a3YuYKIRy1/4FB2HdM866E0qC46JXvVTYKlBlZlnvfpSfY6OKfXZAkv70eJ2a1SqzpAo5CRhZGDFg==",
      "requires": {
        "buffer-xor": "1.0.3",
        "cipher-base": "1.0.4",
        "create-hash": "1.1.3",
        "evp_bytestokey": "1.0.3",
        "inherits": "2.0.1",
        "safe-buffer": "5.1.1"
      }
    },
    "browserify-cipher": {
      "version": "1.0.0",
      "resolved": "https://registry.npmjs.org/browserify-cipher/-/browserify-cipher-1.0.0.tgz",
      "integrity": "sha1-mYgkSHS/XtTijalWZtzWasj8Njo=",
      "requires": {
        "browserify-aes": "1.1.1",
        "browserify-des": "1.0.0",
        "evp_bytestokey": "1.0.3"
      }
    },
    "browserify-des": {
      "version": "1.0.0",
      "resolved": "https://registry.npmjs.org/browserify-des/-/browserify-des-1.0.0.tgz",
      "integrity": "sha1-2qJ3cXRwki7S/hhZQRihdUOXId0=",
      "requires": {
        "cipher-base": "1.0.4",
        "des.js": "1.0.0",
        "inherits": "2.0.1"
      }
    },
    "browserify-rsa": {
      "version": "4.0.1",
      "resolved": "https://registry.npmjs.org/browserify-rsa/-/browserify-rsa-4.0.1.tgz",
      "integrity": "sha1-IeCr+vbyApzy+vsTNWenAdQTVSQ=",
      "requires": {
        "bn.js": "4.11.8",
        "randombytes": "2.0.5"
      }
    },
    "browserify-sign": {
      "version": "4.0.4",
      "resolved": "https://registry.npmjs.org/browserify-sign/-/browserify-sign-4.0.4.tgz",
      "integrity": "sha1-qk62jl17ZYuqa/alfmMMvXqT0pg=",
      "requires": {
        "bn.js": "4.11.8",
        "browserify-rsa": "4.0.1",
        "create-hash": "1.1.3",
        "create-hmac": "1.1.6",
        "elliptic": "6.4.0",
        "inherits": "2.0.1",
        "parse-asn1": "5.1.0"
      }
    },
    "buffer": {
      "version": "5.0.8",
      "resolved": "https://registry.npmjs.org/buffer/-/buffer-5.0.8.tgz",
      "integrity": "sha512-xXvjQhVNz50v2nPeoOsNqWCLGfiv4ji/gXZM28jnVwdLJxH4mFyqgqCKfaK9zf1KUbG6zTkjLOy7ou+jSMarGA==",
      "requires": {
        "base64-js": "1.2.1",
        "ieee754": "1.1.8"
      }
    },
    "buffer-xor": {
      "version": "1.0.3",
      "resolved": "https://registry.npmjs.org/buffer-xor/-/buffer-xor-1.0.3.tgz",
      "integrity": "sha1-JuYe0UIvtw3ULm42cp7VHYVf6Nk="
    },
    "can-ajax": {
      "version": "1.1.4",
      "resolved": "https://registry.npmjs.org/can-ajax/-/can-ajax-1.1.4.tgz",
      "integrity": "sha512-1F30D4ERKgcGlGYKLTQVWxFhm2NtXyoac4i1IB4GeKoqIA/qjyMNw1leVWRopcoDHtqIJRfQscGB4nnu954Ntw==",
      "requires": {
        "can-globals": "0.3.0",
        "can-namespace": "1.0.0",
        "can-param": "1.0.2",
        "can-parse-uri": "1.0.1",
        "can-reflect": "1.11.0"
      }
    },
    "can-assign": {
      "version": "1.1.1",
      "resolved": "https://registry.npmjs.org/can-assign/-/can-assign-1.1.1.tgz",
      "integrity": "sha512-PIxofVeqRsmq6biiD/w2nyEYQ28WeTzKF5kWGmSEldMRauMShvvmWzJdVyIFdl4YREkUhnnRH+nVc72uL2EpSg=="
    },
    "can-attribute-encoder": {
      "version": "0.3.2",
      "resolved": "https://registry.npmjs.org/can-attribute-encoder/-/can-attribute-encoder-0.3.2.tgz",
      "integrity": "sha512-ZJVJ4b/z5z6X3MmZRjUXOxLIWkbrP+qhj79dmgB9fl2y+t4yuVy4kUxk21UEjz0A0vrkYRcvvWaPbmE9fEYIVw==",
      "requires": {
        "can-log": "0.1.2",
        "can-namespace": "1.0.0"
      }
    },
    "can-cid": {
      "version": "1.1.2",
      "resolved": "https://registry.npmjs.org/can-cid/-/can-cid-1.1.2.tgz",
      "integrity": "sha512-pTZSC7BSJdN5RFPlPtBHNoIgnXTDoUzO9IVB06OvoZ6b5k5jMz87XMR42ahuR4nsgCEhNkcY3kpVufJSX1wD0Q==",
      "requires": {
        "can-namespace": "1.0.0"
      }
    },
    "can-component": {
      "version": "3.3.7",
      "resolved": "https://registry.npmjs.org/can-component/-/can-component-3.3.7.tgz",
      "integrity": "sha512-IyOsuaLuzVKPskmk7H4O5ttIRMJhFHw2k+azLLC1dgDtRr6hs8XBHlbaIobE6IF0D1+7uSOcejC/H0pPu8On/g==",
      "requires": {
        "can-compute": "3.3.10",
        "can-construct": "3.2.3",
        "can-control": "3.2.4",
        "can-globals": "0.3.0",
        "can-namespace": "1.0.0",
        "can-observation": "3.3.6",
        "can-reflect": "1.11.0",
        "can-simple-map": "3.3.2",
        "can-stache-bindings": "3.11.5",
        "can-stache-key": "0.1.3",
        "can-types": "1.1.5",
        "can-util": "3.10.18",
        "can-view-callbacks": "3.2.3",
        "can-view-model": "3.5.2",
        "can-view-nodelist": "3.1.1",
        "can-view-scope": "3.5.5"
      }
    },
    "can-compute": {
      "version": "3.3.10",
      "resolved": "https://registry.npmjs.org/can-compute/-/can-compute-3.3.10.tgz",
      "integrity": "sha512-b/JiQi6mTlSmXthSoFjFmcvfOWHEBv0xSC7sEng/vvf1jcPvxHzDyMZTO37t0vW39DfCX9GzWP4EQ8OOSTmByA==",
      "requires": {
        "can-cid": "1.1.2",
        "can-event": "3.7.6",
        "can-namespace": "1.0.0",
        "can-observation": "3.3.6",
        "can-reflect": "1.11.0",
        "can-stache-key": "0.1.3",
        "can-symbol": "1.4.2",
        "can-types": "1.1.5",
        "can-util": "3.10.18"
      }
    },
    "can-connect": {
      "version": "1.5.12",
      "resolved": "https://registry.npmjs.org/can-connect/-/can-connect-1.5.12.tgz",
      "integrity": "sha512-hwBaHSV23UdEJruqwQt74FeHaH0W8jaYebturdymF0wbkz6JRDkLzpx1PH8PDcJEacxJOa2JGM3/my/U8mnD0w==",
      "requires": {
        "can-ajax": "1.1.4",
        "can-compute": "3.3.10",
        "can-construct": "3.2.3",
        "can-define": "1.5.4",
        "can-event": "3.7.6",
        "can-list": "3.2.2",
        "can-make-rest": "0.1.2",
        "can-map": "3.4.2",
        "can-namespace": "1.0.0",
        "can-observation": "3.3.6",
        "can-reflect": "1.11.0",
        "can-set": "1.3.3",
        "can-stache": "3.14.4",
        "can-stache-bindings": "3.11.5",
        "can-types": "1.1.5",
        "can-util": "3.10.18",
        "can-validate-interface": "0.1.2",
        "can-view-callbacks": "3.2.3",
        "can-view-nodelist": "3.1.1",
        "steal-stache": "3.1.3"
      }
    },
    "can-construct": {
      "version": "3.2.3",
      "resolved": "https://registry.npmjs.org/can-construct/-/can-construct-3.2.3.tgz",
      "integrity": "sha512-x2qU28NtNznDJhx4Guluema6l1LQdl6mvU4JISrWR1X5W44UhccWXyRlmoe+HlNKvTDzwuYRPYKa8UyGJq8oug==",
      "requires": {
        "can-namespace": "1.0.0",
        "can-util": "3.10.18"
      }
    },
    "can-control": {
      "version": "3.2.4",
      "resolved": "https://registry.npmjs.org/can-control/-/can-control-3.2.4.tgz",
      "integrity": "sha512-LybC16lMmnHYY9b9UZsC7rscziUPNLWwArCiQNVvvMwqMRZyuuLNdMiO4g1UTDuk8+yB/l9ATfOJPWB4h6G30g==",
      "requires": {
        "can-compute": "3.3.10",
        "can-construct": "3.2.3",
        "can-event": "3.7.6",
        "can-namespace": "1.0.0",
        "can-observation": "3.3.6",
        "can-reflect": "1.11.0",
        "can-stache-key": "0.1.3",
        "can-types": "1.1.5",
        "can-util": "3.10.18"
      }
    },
    "can-define": {
      "version": "1.5.4",
      "resolved": "https://registry.npmjs.org/can-define/-/can-define-1.5.4.tgz",
      "integrity": "sha512-KxGoFg572aPmXFln0gmGkQtemis8l/pWvzWB3B6692+nkhAob5b/VBFZbTLA/ZrUV2DuI5pl+HwzxCanLdOKTQ==",
      "requires": {
        "can-cid": "1.1.2",
        "can-compute": "3.3.10",
        "can-construct": "3.2.3",
        "can-define-lazy-value": "1.0.1",
        "can-event": "3.7.6",
        "can-log": "0.1.2",
        "can-namespace": "1.0.0",
        "can-observation": "3.3.6",
        "can-reflect": "1.11.0",
        "can-simple-observable": "1.0.2",
        "can-symbol": "1.4.2",
        "can-test-helpers": "1.1.0",
        "can-types": "1.1.5",
        "can-util": "3.10.18"
      }
    },
    "can-define-lazy-value": {
      "version": "1.0.1",
      "resolved": "https://registry.npmjs.org/can-define-lazy-value/-/can-define-lazy-value-1.0.1.tgz",
      "integrity": "sha512-WH+UWxdrAaobj3EwOZxynMCPcCpu3Und7O5M7l20lxQyxzNoL9W6n6xfX2EjfV2GAyUA/pj60Vogf/jDW++VOQ=="
    },
    "can-define-validate-validatejs": {
      "version": "0.1.3",
      "resolved": "https://registry.npmjs.org/can-define-validate-validatejs/-/can-define-validate-validatejs-0.1.3.tgz",
      "integrity": "sha512-L2ZLXNXpD4AfUUL2B/K6Tf+VgeG7K7bNfmte1pJisNAmZv8ZfeByUeRZiQvo1eRt2sfh2b6PQkBLDx368MypoQ==",
      "requires": {
        "can-define": "1.5.4",
        "can-util": "3.10.18",
        "can-validate": "1.1.1",
        "can-validate-validatejs": "0.1.0"
      }
    },
    "can-deparam": {
      "version": "1.0.3",
      "resolved": "https://registry.npmjs.org/can-deparam/-/can-deparam-1.0.3.tgz",
      "integrity": "sha512-5q2+BjPzjyeiifoNPLnnN/Fo4mQhTHRzIUA7rZ0SxBnsXegGKL/OO6nmfJm+Etgjy2UeciPITFVLjA5+lw08sg==",
      "requires": {
        "can-namespace": "1.0.0"
      }
    },
    "can-dom-data-state": {
      "version": "0.2.0",
      "resolved": "https://registry.npmjs.org/can-dom-data-state/-/can-dom-data-state-0.2.0.tgz",
      "integrity": "sha512-U3uVbylOtH2QEB6nb7qm8HlPtPHF7YnG7V2wE6PaFylUXu/RErmeIBWgP5m8ldou3eyIGOTeyIGj0qGBB0yW6A==",
      "requires": {
        "can-cid": "1.1.2",
        "can-namespace": "1.0.0"
      }
    },
    "can-dom-events": {
      "version": "1.0.7",
      "resolved": "https://registry.npmjs.org/can-dom-events/-/can-dom-events-1.0.7.tgz",
      "integrity": "sha512-/cn4KTmqyS7e5seOCE1SzLYIJVMDcDR+qVsX9P5mwRPUnJZxiZab4G/TTNS7iZVEWeMJ0pmEqI+WNOjJDFslcw==",
      "requires": {
        "can-globals": "0.3.0",
        "can-namespace": "1.0.0"
      }
    },
    "can-event": {
      "version": "3.7.6",
      "resolved": "https://registry.npmjs.org/can-event/-/can-event-3.7.6.tgz",
      "integrity": "sha512-dAT1cT4ZAPqfJPw5VOTZzFGPiB1KaZLlaWHV6TgsmlmZ89RKzDppzuz7YN94unc1bxS5NMt3s9wpaMD0m3uF4Q==",
      "requires": {
        "can-cid": "1.1.2",
        "can-namespace": "1.0.0",
        "can-types": "1.1.5",
        "can-util": "3.10.18"
      }
    },
    "can-event-dom-enter": {
      "version": "1.0.4",
      "resolved": "https://registry.npmjs.org/can-event-dom-enter/-/can-event-dom-enter-1.0.4.tgz",
      "integrity": "sha512-ecgSytEUOstrcellXRKGSPxOe/11nHpgdN4BLOAPLkWYrFPn6R2U+flJS4LhAti17r2E+CvQIbQ3zsohukBK3w==",
      "requires": {
        "can-cid": "1.1.2",
        "can-dom-data-state": "0.2.0",
        "can-dom-events": "1.0.7"
      }
    },
    "can-event-dom-radiochange": {
      "version": "1.0.5",
      "resolved": "https://registry.npmjs.org/can-event-dom-radiochange/-/can-event-dom-radiochange-1.0.5.tgz",
      "integrity": "sha512-1/Hscy2KN/eWkhsx0d2ngUwByusCPzVRnfvOC7F5kNg0ivjd7sto5e4JeflRulZv+vdruEB6yx1tzzUWERu3tQ==",
      "requires": {
        "can-cid": "1.1.2",
        "can-dom-data-state": "0.2.0",
        "can-dom-events": "1.0.7",
        "can-globals": "0.3.0"
      }
    },
    "can-globals": {
      "version": "0.3.0",
      "resolved": "https://registry.npmjs.org/can-globals/-/can-globals-0.3.0.tgz",
      "integrity": "sha512-bwsxDlDFVHaNch0e+CQk9mL/1Ju9Wbg3GQkfdxOzrk6mjcA/S6LlQnVKegbNHagGEKmLwur5rEej6NluVharxA==",
      "requires": {
        "can-namespace": "1.0.0",
        "can-reflect": "1.11.0",
        "can-symbol": "1.4.2"
      }
    },
    "can-list": {
      "version": "3.2.2",
      "resolved": "https://registry.npmjs.org/can-list/-/can-list-3.2.2.tgz",
      "integrity": "sha512-RBo/vAl6gM4gWLVScWN46rMhesDes5fFx84a5zaKbozIIbf6Tqw6pMrL9ocT+ipgOCaOAzQsCx+CwUKpjzYo3w==",
      "requires": {
        "can-cid": "1.1.2",
        "can-compute": "3.3.10",
        "can-construct": "3.2.3",
        "can-event": "3.7.6",
        "can-map": "3.4.2",
        "can-namespace": "1.0.0",
        "can-observation": "3.3.6",
        "can-reflect": "1.11.0",
        "can-symbol": "1.4.2",
        "can-types": "1.1.5",
        "can-util": "3.10.18"
      }
    },
    "can-log": {
      "version": "0.1.2",
      "resolved": "https://registry.npmjs.org/can-log/-/can-log-0.1.2.tgz",
      "integrity": "sha512-HZ+e9ShWRWJoortNSEShWlUJIKkYfYXB7HoLrglZuheiYZhSac2Z/YvD+6ZF/0LEaTgY+UwJeQ4ziqhwPhEjLQ=="
    },
    "can-make-rest": {
      "version": "0.1.2",
      "resolved": "https://registry.npmjs.org/can-make-rest/-/can-make-rest-0.1.2.tgz",
      "integrity": "sha512-PwFX4c6m4NhIlrrEjthZL8UIl0U3ToS+GBdTtLwQlqCECWOZ2iSAypRBqaF9qA22o4iUr4Ja19N+nrLnEjiiGA==",
      "requires": {
        "can-util": "3.10.18"
      }
    },
    "can-map": {
      "version": "3.4.2",
      "resolved": "https://registry.npmjs.org/can-map/-/can-map-3.4.2.tgz",
      "integrity": "sha512-6j/ayvFBuQkEi1ir4x+I4YOHWDqP+fO6zUEki87KMgV/SMz6FlCtX08Dk+/KM0rmY4moEM5N5ZDi9bLihjSjCg==",
      "requires": {
        "can-cid": "1.1.2",
        "can-compute": "3.3.10",
        "can-construct": "3.2.3",
        "can-event": "3.7.6",
        "can-namespace": "1.0.0",
        "can-observation": "3.3.6",
        "can-reflect": "1.11.0",
        "can-stache-key": "0.1.3",
        "can-symbol": "1.4.2",
        "can-types": "1.1.5",
        "can-util": "3.10.18"
      }
    },
    "can-namespace": {
      "version": "1.0.0",
      "resolved": "https://registry.npmjs.org/can-namespace/-/can-namespace-1.0.0.tgz",
      "integrity": "sha1-C4+vr7sRNSuerUIi/+OCJAW0Ppk="
    },
    "can-observation": {
      "version": "3.3.6",
      "resolved": "https://registry.npmjs.org/can-observation/-/can-observation-3.3.6.tgz",
      "integrity": "sha512-o0P8nBrl7ngMqYwNpPNuK/wwnqK8IF8JBcfzyiDB8g/do8+yscw8hDQe7lmC/hIJZv9QikTPX1iJC2agfGGOiQ==",
      "requires": {
        "can-cid": "1.1.2",
        "can-event": "3.7.6",
        "can-namespace": "1.0.0",
        "can-reflect": "1.11.0",
        "can-symbol": "1.4.2",
        "can-util": "3.10.18"
      }
    },
    "can-param": {
      "version": "1.0.2",
      "resolved": "https://registry.npmjs.org/can-param/-/can-param-1.0.2.tgz",
      "integrity": "sha512-QHt1qmutVAoZOY1HQWBKyrTcpITgi1SHtCagG+AjYLvE5QhSiHY/pNhXejYVSan+Bl2kfpX7Nkt+bQQX8u7IqA==",
      "requires": {
        "can-namespace": "1.0.0"
      }
    },
    "can-parse-uri": {
      "version": "1.0.1",
      "resolved": "https://registry.npmjs.org/can-parse-uri/-/can-parse-uri-1.0.1.tgz",
      "integrity": "sha512-38HpQLm9R2v2lZoUD86fNfeSX90OeU8OtgA40K1OTsu6aZTnWbVAQi8Z0D2PIRu2uOZTiCh6LIFjyPOUAOo2qw=="
    },
    "can-reflect": {
      "version": "1.11.0",
      "resolved": "https://registry.npmjs.org/can-reflect/-/can-reflect-1.11.0.tgz",
      "integrity": "sha512-02qpSE1E8ni+s0lbSJgZwFjXWtkOkPdY5xTHsQkYnt9E1ANhZBD0WQKuMp5/h9rJmGxpwUTKBzPPSPZEhNynmQ==",
      "requires": {
        "can-namespace": "1.0.0",
        "can-symbol": "1.4.2"
      }
    },
    "can-reflect-promise": {
      "version": "1.1.5",
      "resolved": "https://registry.npmjs.org/can-reflect-promise/-/can-reflect-promise-1.1.5.tgz",
      "integrity": "sha512-UYK6QYCIYd6z/QETeNv0SVd7vxaJDc1SI3d5VGBQXpCVXsjYei8iCNmVmfrZZghLxdMHce+/SIPJEGTPti/ucA==",
      "requires": {
        "can-cid": "1.1.2",
        "can-event": "3.7.6",
        "can-observation": "3.3.6",
        "can-reflect": "1.11.0",
        "can-symbol": "1.4.2",
        "can-util": "3.10.18"
      }
    },
    "can-route": {
      "version": "3.2.4",
      "resolved": "https://registry.npmjs.org/can-route/-/can-route-3.2.4.tgz",
      "integrity": "sha512-k3CXkihsci3rkwMELwKkdtHp1DcSpXWY/RLc+M4NRwoThvk7VGTkNMzOdCm48YaRSvMciHCV0BrakYiQ/5FbAg==",
      "requires": {
        "can-compute": "3.3.10",
        "can-deparam": "1.0.3",
        "can-event": "3.7.6",
        "can-namespace": "1.0.0",
        "can-observation": "3.3.6",
        "can-param": "1.0.2",
        "can-reflect": "1.11.0",
        "can-simple-map": "3.3.2",
        "can-symbol": "1.4.2",
        "can-types": "1.1.5",
        "can-util": "3.10.18"
      }
    },
    "can-route-pushstate": {
      "version": "3.2.1",
      "resolved": "https://registry.npmjs.org/can-route-pushstate/-/can-route-pushstate-3.2.1.tgz",
      "integrity": "sha512-NjZ19z9KsplVeKj8I3y9VdQCo6ISnihcZUAopzyrR8rlxx+XQ/p0fWJjLrDbwsiSlct6KXpafy8XGP9C+FPUAQ==",
      "requires": {
        "can-event": "3.7.6",
        "can-globals": "0.3.0",
        "can-route": "3.2.4",
        "can-util": "3.10.18"
      }
    },
    "can-set": {
      "version": "1.3.3",
      "resolved": "https://registry.npmjs.org/can-set/-/can-set-1.3.3.tgz",
      "integrity": "sha512-5gfSPzKWtpIk2/JCUqo4y4lPaA8uWklO2z1SxodpASzflOeYzIfLdmomS9cEpeUrRnw7C+WPOgm6Yx6vKhlMdw==",
      "requires": {
        "can-namespace": "1.0.0",
        "can-util": "3.10.18"
      }
    },
    "can-simple-map": {
      "version": "3.3.2",
      "resolved": "https://registry.npmjs.org/can-simple-map/-/can-simple-map-3.3.2.tgz",
      "integrity": "sha512-YqOoqFkTeTqjnXy8Agp1fGMTLWCIkinkGibbEDPXOPXHXhAx/zUF8RSUbH/jhj/8ZfrBTcjQWD2lrpjS7VsH/Q==",
      "requires": {
        "can-cid": "1.1.2",
        "can-construct": "3.2.3",
        "can-event": "3.7.6",
        "can-observation": "3.3.6",
        "can-reflect": "1.11.0",
        "can-symbol": "1.4.2",
        "can-types": "1.1.5",
        "can-util": "3.10.18"
      }
    },
    "can-simple-observable": {
      "version": "1.0.2",
      "resolved": "https://registry.npmjs.org/can-simple-observable/-/can-simple-observable-1.0.2.tgz",
      "integrity": "sha512-FJ60DoIk7KhNWPfiYiZTnG0mJmMeIFF/5RdIL+ZNqP4W9CVmjQf3/je1n3dezzfzliwwmOBnmyyvN36xWyU6Ig==",
      "requires": {
        "can-cid": "1.1.2",
        "can-event": "3.7.6",
        "can-namespace": "1.0.0",
        "can-observation": "3.3.6",
        "can-reflect": "1.11.0"
      }
    },
    "can-stache": {
      "version": "3.14.4",
      "resolved": "https://registry.npmjs.org/can-stache/-/can-stache-3.14.4.tgz",
      "integrity": "sha512-I9eCjy293Pa63zPXGjiLb0lB8AHyS44+HYC5EqS9UArmBVMLXbVCCrvcc4gMkLUQf5woXI5Q/plO6Y8pdUYZxg==",
      "requires": {
        "can-attribute-encoder": "0.3.2",
        "can-compute": "3.3.10",
        "can-globals": "0.3.0",
        "can-log": "0.1.2",
        "can-namespace": "1.0.0",
        "can-observation": "3.3.6",
        "can-reflect": "1.11.0",
        "can-route": "3.2.4",
        "can-stache-key": "0.1.3",
        "can-symbol": "1.4.2",
        "can-util": "3.10.18",
        "can-view-callbacks": "3.2.3",
        "can-view-live": "3.2.5",
        "can-view-nodelist": "3.1.1",
        "can-view-parser": "3.8.0",
        "can-view-scope": "3.5.5",
        "can-view-target": "3.1.6"
      }
    },
    "can-stache-bindings": {
      "version": "3.11.5",
      "resolved": "https://registry.npmjs.org/can-stache-bindings/-/can-stache-bindings-3.11.5.tgz",
      "integrity": "sha512-MP+4F2Ad6VNxMTv48hDQfy19geHKLW/1/3oGz7omK/vieZK8W5McPqRfes91Niz2TvGJb26AkiuPoGh/lHgo5w==",
      "requires": {
        "can-attribute-encoder": "0.3.2",
        "can-compute": "3.3.10",
        "can-event": "3.7.6",
        "can-event-dom-enter": "1.0.4",
        "can-event-dom-radiochange": "1.0.5",
        "can-globals": "0.3.0",
        "can-log": "0.1.2",
        "can-observation": "3.3.6",
        "can-reflect": "1.11.0",
        "can-simple-map": "3.3.2",
        "can-simple-observable": "1.0.2",
        "can-stache": "3.14.4",
        "can-stache-key": "0.1.3",
        "can-symbol": "1.4.2",
        "can-types": "1.1.5",
        "can-util": "3.10.18",
        "can-view-callbacks": "3.2.3",
        "can-view-live": "3.2.5",
        "can-view-model": "3.5.2",
        "can-view-scope": "3.5.5"
      }
    },
    "can-stache-key": {
      "version": "0.1.3",
      "resolved": "https://registry.npmjs.org/can-stache-key/-/can-stache-key-0.1.3.tgz",
      "integrity": "sha512-2Oy8I5OpS+bbao2LZFaBs/Dlw+LBgdUj7VZwVynoEO6CP/abYnXmwE3kvyqSi72Kfiva+I+cxaCSv2iUMBsEcA==",
      "requires": {
        "can-cid": "1.1.2",
        "can-event": "3.7.6",
        "can-log": "0.1.2",
        "can-namespace": "1.0.0",
        "can-observation": "3.3.6",
        "can-reflect": "1.11.0",
        "can-reflect-promise": "1.1.5",
        "can-symbol": "1.4.2",
        "can-util": "3.10.18"
      }
    },
    "can-symbol": {
      "version": "1.4.2",
      "resolved": "https://registry.npmjs.org/can-symbol/-/can-symbol-1.4.2.tgz",
      "integrity": "sha512-Jm4Rajx3kmUMCIPD/AwNQMgQQTtHUbiyaJOT02So6V39uhGwvzDzKmO3GPuq/S4ztBFlUb3fcAqvVzaYFnTMew==",
      "requires": {
        "can-namespace": "1.0.0"
      }
    },
    "can-test-helpers": {
      "version": "1.1.0",
      "resolved": "https://registry.npmjs.org/can-test-helpers/-/can-test-helpers-1.1.0.tgz",
      "integrity": "sha1-CRPfwBUw/SCn2/hNeR3e6ZfDmP8=",
      "requires": {
        "can-log": "0.1.2",
        "can-util": "3.10.18"
      }
    },
    "can-types": {
      "version": "1.1.5",
      "resolved": "https://registry.npmjs.org/can-types/-/can-types-1.1.5.tgz",
      "integrity": "sha512-DJPqzWXM7weSBby4fqmAX1B7ynVwaR7zjjM+T7GwGPQUx6/Mn73JZFev2O1KzHSeh1jIXTh8bCdBF4ARAlYeNQ==",
      "requires": {
        "can-globals": "0.3.0",
        "can-log": "0.1.2",
        "can-namespace": "1.0.0",
        "can-reflect": "1.11.0",
        "can-symbol": "1.4.2"
      }
    },
    "can-util": {
      "version": "3.10.18",
      "resolved": "https://registry.npmjs.org/can-util/-/can-util-3.10.18.tgz",
      "integrity": "sha512-PwK0d50AAfgOd0z+ohWqaVyFtGGIGv6GxQSUdo+mX8+06FvSMuqx/sdsMVWlEvkOyKB3YzalpgH2leV56wAYzQ==",
      "requires": {
        "can-ajax": "1.1.4",
        "can-assign": "1.1.1",
        "can-cid": "1.1.2",
        "can-deparam": "1.0.3",
        "can-dom-data-state": "0.2.0",
        "can-event-dom-enter": "1.0.4",
        "can-event-dom-radiochange": "1.0.5",
        "can-globals": "0.3.0",
        "can-log": "0.1.2",
        "can-namespace": "1.0.0",
        "can-param": "1.0.2",
        "can-parse-uri": "1.0.1",
        "can-reflect": "1.11.0",
        "can-symbol": "1.4.2",
        "can-types": "1.1.5"
      }
    },
    "can-validate": {
      "version": "1.1.1",
      "resolved": "https://registry.npmjs.org/can-validate/-/can-validate-1.1.1.tgz",
      "integrity": "sha512-BeRk25ipe+V7aA3h223I7K5HHnxxTlDnPXFC2IhHb/7awMcSHiSNCerNKuMJCGgTuOOkOKIA7hPzG8W+uKTtrQ==",
      "requires": {
        "can-util": "3.10.18"
      }
    },
    "can-validate-interface": {
      "version": "0.1.2",
      "resolved": "https://registry.npmjs.org/can-validate-interface/-/can-validate-interface-0.1.2.tgz",
      "integrity": "sha512-u6+go8irarPH52aJsQ0JGhfmXhkenjC+MkIBMwRLlKwT0pYz16xlTGnzA7TlYcFKJX+iXvJWbkBtXaVd5UG9Fw=="
    },
    "can-validate-validatejs": {
      "version": "0.1.0",
      "resolved": "https://registry.npmjs.org/can-validate-validatejs/-/can-validate-validatejs-0.1.0.tgz",
      "integrity": "sha512-vDJ45ozeIwK2WTXDVBzrDDPnC8Q7L6BJAhfJkKVlnL4MsnOxoZmosatyjWdlpON6KZUB8IPcmJb0CsTFV1B/QQ==",
      "requires": {
        "can-util": "3.10.18",
        "validate.js": "0.11.1"
      }
    },
    "can-view-callbacks": {
      "version": "3.2.3",
      "resolved": "https://registry.npmjs.org/can-view-callbacks/-/can-view-callbacks-3.2.3.tgz",
      "integrity": "sha512-kt3mVe83mtYNh5IDeK7AbVduUe75drPZG7xy2/p0yEjYLtZ8b2JQaKZSVNYMcvHVylKVxikfMFP9xfPL2/LwXQ==",
      "requires": {
        "can-namespace": "1.0.0",
        "can-observation": "3.3.6",
        "can-util": "3.10.18"
      }
    },
    "can-view-import": {
      "version": "3.2.6",
      "resolved": "https://registry.npmjs.org/can-view-import/-/can-view-import-3.2.6.tgz",
      "integrity": "sha512-sQApsvTpnz+THwNrPWkxGH9WbXXBtkckLLPbsNhGeWPYOB/m8z6wOKe4vO8863wKTKp7Y7o1dcpNfGRMBJ2muw==",
      "requires": {
        "can-assign": "1.1.1",
        "can-dom-data-state": "0.2.0",
        "can-event": "3.7.6",
        "can-globals": "0.3.0",
        "can-log": "0.1.2",
        "can-stache": "3.14.4",
        "can-util": "3.10.18",
        "can-view-callbacks": "3.2.3",
        "can-view-nodelist": "3.1.1"
      }
    },
    "can-view-live": {
      "version": "3.2.5",
      "resolved": "https://registry.npmjs.org/can-view-live/-/can-view-live-3.2.5.tgz",
      "integrity": "sha512-www7JProVqp/MzbG12MNvZNBmN+t4ONhT04eCsCZKyUB6Ws2S6hfoN8mZXpRCD/TOHVtczrtyKOQIHjnS3GGhA==",
      "requires": {
        "can-compute": "3.3.10",
        "can-event": "3.7.6",
        "can-observation": "3.3.6",
        "can-reflect": "1.11.0",
        "can-types": "1.1.5",
        "can-util": "3.10.18",
        "can-view-callbacks": "3.2.3",
        "can-view-nodelist": "3.1.1",
        "can-view-parser": "3.8.0",
        "can-view-target": "3.1.6"
      }
    },
    "can-view-model": {
      "version": "3.5.2",
      "resolved": "https://registry.npmjs.org/can-view-model/-/can-view-model-3.5.2.tgz",
      "integrity": "sha512-I+k83V+mbszvyvFFm8qk6xjindkQQHi4kq+PBryJPN3iTCyKTZllUCaKYA8bAZEMjzQ7uGoQ6FCnBmSID59sEg==",
      "requires": {
        "can-globals": "0.3.0",
        "can-namespace": "1.0.0",
        "can-reflect": "1.11.0",
        "can-simple-map": "3.3.2",
        "can-types": "1.1.5",
        "can-util": "3.10.18"
      }
    },
    "can-view-nodelist": {
      "version": "3.1.1",
      "resolved": "https://registry.npmjs.org/can-view-nodelist/-/can-view-nodelist-3.1.1.tgz",
      "integrity": "sha512-FhALx2c5cO5wfGlzeQrfLf88VndjiOrpyWUs0YOWIhrRIOsiCbTVUW5jPM0SDv1689XeSDJ+FnlCx9e4QvOEgA==",
      "requires": {
        "can-namespace": "1.0.0",
        "can-util": "3.10.18"
      }
    },
    "can-view-parser": {
      "version": "3.8.0",
      "resolved": "https://registry.npmjs.org/can-view-parser/-/can-view-parser-3.8.0.tgz",
      "integrity": "sha512-0uG+SkBMH0bChlp/2PpjL02IdPeAs4SCNMALa5HY/P770n257lNHu2EtIhRpBJrNjCXpvjQ060gH8Nh+gftaZQ==",
      "requires": {
        "can-attribute-encoder": "0.3.2",
        "can-log": "0.1.2",
        "can-namespace": "1.0.0"
      }
    },
    "can-view-scope": {
      "version": "3.5.5",
      "resolved": "https://registry.npmjs.org/can-view-scope/-/can-view-scope-3.5.5.tgz",
      "integrity": "sha512-lScluHTRBvml1uVPccgXWVdwozn6KYrniHs2C8A/XMBsoBgFQfQ8/+/ZsJNYI1PmRcXkBwmyPVgnBmkey9TmpQ==",
      "requires": {
        "can-cid": "1.1.2",
        "can-compute": "3.3.10",
        "can-construct": "3.2.3",
        "can-define-lazy-value": "1.0.1",
        "can-event": "3.7.6",
        "can-log": "0.1.2",
        "can-namespace": "1.0.0",
        "can-observation": "3.3.6",
        "can-reflect": "1.11.0",
        "can-simple-map": "3.3.2",
        "can-stache-key": "0.1.3",
        "can-symbol": "1.4.2",
        "can-util": "3.10.18"
      }
    },
    "can-view-target": {
      "version": "3.1.6",
      "resolved": "https://registry.npmjs.org/can-view-target/-/can-view-target-3.1.6.tgz",
      "integrity": "sha512-09LgQqIDVq5ID0BMANxLL2ZZtuRBU/cq0GndvOQ6AzREZU9Vc+Hbr7vrAIAWx6R1bv1WOQZUnQYy5MLQNQnoCg==",
      "requires": {
        "can-globals": "0.3.0",
        "can-namespace": "1.0.0",
        "can-util": "3.10.18"
      }
    },
    "cipher-base": {
      "version": "1.0.4",
      "resolved": "https://registry.npmjs.org/cipher-base/-/cipher-base-1.0.4.tgz",
      "integrity": "sha512-Kkht5ye6ZGmwv40uUDZztayT2ThLQGfnj/T71N/XzeZeo3nf8foyW7zGTsPYkEya3m5f3cAypH+qe7YOrM1U2Q==",
      "requires": {
        "inherits": "2.0.1",
        "safe-buffer": "5.1.1"
      }
    },
    "console-browserify": {
      "version": "1.1.0",
      "resolved": "https://registry.npmjs.org/console-browserify/-/console-browserify-1.1.0.tgz",
      "integrity": "sha1-8CQcRXMKn8YyOyBtvzjtx0HQuxA=",
      "requires": {
        "date-now": "0.1.4"
      }
    },
    "constants-browserify": {
      "version": "1.0.0",
      "resolved": "https://registry.npmjs.org/constants-browserify/-/constants-browserify-1.0.0.tgz",
      "integrity": "sha1-wguW2MYXdIqvHBYCF2DNJ/y4y3U="
    },
    "create-ecdh": {
      "version": "4.0.0",
      "resolved": "https://registry.npmjs.org/create-ecdh/-/create-ecdh-4.0.0.tgz",
      "integrity": "sha1-iIxyNZbN92EvZJgjPuvXo1MBc30=",
      "requires": {
        "bn.js": "4.11.8",
        "elliptic": "6.4.0"
      }
    },
    "create-hash": {
      "version": "1.1.3",
      "resolved": "https://registry.npmjs.org/create-hash/-/create-hash-1.1.3.tgz",
      "integrity": "sha1-YGBCrIuSYnUPSDyt2rD1gZFy2P0=",
      "requires": {
        "cipher-base": "1.0.4",
        "inherits": "2.0.1",
        "ripemd160": "2.0.1",
        "sha.js": "2.4.9"
      }
    },
    "create-hmac": {
      "version": "1.1.6",
      "resolved": "https://registry.npmjs.org/create-hmac/-/create-hmac-1.1.6.tgz",
      "integrity": "sha1-rLniIaThe9sHbpBlfEK5PjcmzwY=",
      "requires": {
        "cipher-base": "1.0.4",
        "create-hash": "1.1.3",
        "inherits": "2.0.1",
        "ripemd160": "2.0.1",
        "safe-buffer": "5.1.1",
        "sha.js": "2.4.9"
      }
    },
    "crypto-browserify": {
      "version": "3.11.1",
      "resolved": "https://registry.npmjs.org/crypto-browserify/-/crypto-browserify-3.11.1.tgz",
      "integrity": "sha512-Na7ZlwCOqoaW5RwUK1WpXws2kv8mNhWdTlzob0UXulk6G9BDbyiJaGTYBIX61Ozn9l1EPPJpICZb4DaOpT9NlQ==",
      "requires": {
        "browserify-cipher": "1.0.0",
        "browserify-sign": "4.0.4",
        "create-ecdh": "4.0.0",
        "create-hash": "1.1.3",
        "create-hmac": "1.1.6",
        "diffie-hellman": "5.0.2",
        "inherits": "2.0.1",
        "pbkdf2": "3.0.14",
        "public-encrypt": "4.0.0",
        "randombytes": "2.0.5"
      }
    },
    "date-now": {
      "version": "0.1.4",
      "resolved": "https://registry.npmjs.org/date-now/-/date-now-0.1.4.tgz",
      "integrity": "sha1-6vQ5/U1ISK105cx9vvIAZyueNFs="
    },
    "deep-equal": {
      "version": "0.0.0",
      "resolved": "https://registry.npmjs.org/deep-equal/-/deep-equal-0.0.0.tgz",
      "integrity": "sha1-mWedO70EcVb81FDT0B7rkGhpHoM="
    },
    "defined": {
      "version": "0.0.0",
      "resolved": "https://registry.npmjs.org/defined/-/defined-0.0.0.tgz",
      "integrity": "sha1-817qfXBekzuvE7LwOz+D2SFAOz4="
    },
    "des.js": {
      "version": "1.0.0",
      "resolved": "https://registry.npmjs.org/des.js/-/des.js-1.0.0.tgz",
      "integrity": "sha1-wHTS4qpqipoH29YfmhXCzYPsjsw=",
      "requires": {
        "inherits": "2.0.1",
        "minimalistic-assert": "1.0.0"
      }
    },
    "diffie-hellman": {
      "version": "5.0.2",
      "resolved": "https://registry.npmjs.org/diffie-hellman/-/diffie-hellman-5.0.2.tgz",
      "integrity": "sha1-tYNXOScM/ias9jIJn97SoH8gnl4=",
      "requires": {
        "bn.js": "4.11.8",
        "miller-rabin": "4.0.1",
        "randombytes": "2.0.5"
      }
    },
    "domain-browser": {
      "version": "1.1.7",
      "resolved": "https://registry.npmjs.org/domain-browser/-/domain-browser-1.1.7.tgz",
      "integrity": "sha1-hnqksJP6oF8d4IwG9NeyH9+GmLw="
    },
    "elliptic": {
      "version": "6.4.0",
      "resolved": "https://registry.npmjs.org/elliptic/-/elliptic-6.4.0.tgz",
      "integrity": "sha1-ysmvh2LIWDYYcAPI3+GT5eLq5d8=",
      "requires": {
        "bn.js": "4.11.8",
        "brorand": "1.1.0",
        "hash.js": "1.1.3",
        "hmac-drbg": "1.0.1",
        "inherits": "2.0.1",
        "minimalistic-assert": "1.0.0",
        "minimalistic-crypto-utils": "1.0.1"
      }
    },
    "events": {
      "version": "1.1.1",
      "resolved": "https://registry.npmjs.org/events/-/events-1.1.1.tgz",
      "integrity": "sha1-nr23Y1rQmccNzEwqH1AEKI6L2SQ="
    },
    "evp_bytestokey": {
      "version": "1.0.3",
      "resolved": "https://registry.npmjs.org/evp_bytestokey/-/evp_bytestokey-1.0.3.tgz",
      "integrity": "sha512-/f2Go4TognH/KvCISP7OUsHn85hT9nUkxxA9BEWxFn+Oj9o8ZNLm/40hdlgSLyuOimsrTKLUMEorQexp/aPQeA==",
      "requires": {
        "md5.js": "1.3.4",
        "safe-buffer": "5.1.1"
      }
    },
    "font-awesome": {
      "version": "4.7.0",
      "resolved": "https://registry.npmjs.org/font-awesome/-/font-awesome-4.7.0.tgz",
      "integrity": "sha1-j6jPBBGhoxr9B7BtKQK7n8gVoTM="
    },
    "hash-base": {
      "version": "2.0.2",
      "resolved": "https://registry.npmjs.org/hash-base/-/hash-base-2.0.2.tgz",
      "integrity": "sha1-ZuodhW206KVHDK32/OI65SRO8uE=",
      "requires": {
        "inherits": "2.0.1"
      }
    },
    "hash.js": {
      "version": "1.1.3",
      "resolved": "https://registry.npmjs.org/hash.js/-/hash.js-1.1.3.tgz",
      "integrity": "sha512-/UETyP0W22QILqS+6HowevwhEFJ3MBJnwTf75Qob9Wz9t0DPuisL8kW8YZMK62dHAKE1c1p+gY1TtOLY+USEHA==",
      "requires": {
        "inherits": "2.0.3",
        "minimalistic-assert": "1.0.0"
      },
      "dependencies": {
        "inherits": {
          "version": "2.0.3",
          "resolved": "https://registry.npmjs.org/inherits/-/inherits-2.0.3.tgz",
          "integrity": "sha1-Yzwsg+PaQqUC9SRmAiSA9CCCYd4="
        }
      }
    },
    "hmac-drbg": {
      "version": "1.0.1",
      "resolved": "https://registry.npmjs.org/hmac-drbg/-/hmac-drbg-1.0.1.tgz",
      "integrity": "sha1-0nRXAQJabHdabFRXk+1QL8DGSaE=",
      "requires": {
        "hash.js": "1.1.3",
        "minimalistic-assert": "1.0.0",
        "minimalistic-crypto-utils": "1.0.1"
      }
    },
    "http-browserify": {
      "version": "1.7.0",
      "resolved": "https://registry.npmjs.org/http-browserify/-/http-browserify-1.7.0.tgz",
      "integrity": "sha1-M3la3nLfiKz7/TZ3PO/tp2RzWyA=",
      "requires": {
        "Base64": "0.2.1",
        "inherits": "2.0.1"
      }
    },
    "https-browserify": {
      "version": "1.0.0",
      "resolved": "https://registry.npmjs.org/https-browserify/-/https-browserify-1.0.0.tgz",
      "integrity": "sha1-7AbBDgo0wPL68Zn3/X/Hj//QPHM="
    },
    "i18next": {
      "version": "7.2.3",
      "resolved": "https://registry.npmjs.org/i18next/-/i18next-7.2.3.tgz",
      "integrity": "sha1-psIgrByCQP8QeKqbyZf9RJ4FLcc="
    },
    "i18next-xhr-backend": {
      "version": "1.5.0",
      "resolved": "https://registry.npmjs.org/i18next-xhr-backend/-/i18next-xhr-backend-1.5.0.tgz",
      "integrity": "sha1-/uSugDh5uCS++GWnfW62FkqNYfE="
    },
    "ieee754": {
      "version": "1.1.8",
      "resolved": "https://registry.npmjs.org/ieee754/-/ieee754-1.1.8.tgz",
      "integrity": "sha1-vjPUCsEO8ZJnAfbwii2G+/0a0+Q="
    },
    "indexof": {
      "version": "0.0.1",
      "resolved": "https://registry.npmjs.org/indexof/-/indexof-0.0.1.tgz",
      "integrity": "sha1-gtwzbSMrkGIXnQWrMpOmYFn9Q10="
    },
    "inherits": {
      "version": "2.0.1",
      "resolved": "https://registry.npmjs.org/inherits/-/inherits-2.0.1.tgz",
      "integrity": "sha1-sX0I0ya0Qj5Wjv9xn5GwscvfafE="
    },
    "jquery": {
      "version": "3.2.1",
      "resolved": "https://registry.npmjs.org/jquery/-/jquery-3.2.1.tgz",
      "integrity": "sha1-XE2d5lKvbNCncBVKYxu6ErAVx4c="
    },
    "jsonify": {
      "version": "0.0.0",
      "resolved": "https://registry.npmjs.org/jsonify/-/jsonify-0.0.0.tgz",
      "integrity": "sha1-LHS27kHZPKUbe1qu6PUDYx0lKnM="
    },
    "md5.js": {
      "version": "1.3.4",
      "resolved": "https://registry.npmjs.org/md5.js/-/md5.js-1.3.4.tgz",
      "integrity": "sha1-6b296UogpawYsENA/Fdk1bCdkB0=",
      "requires": {
        "hash-base": "3.0.4",
        "inherits": "2.0.1"
      },
      "dependencies": {
        "hash-base": {
          "version": "3.0.4",
          "resolved": "https://registry.npmjs.org/hash-base/-/hash-base-3.0.4.tgz",
          "integrity": "sha1-X8hoaEfs1zSZQDMZprCj8/auSRg=",
          "requires": {
            "inherits": "2.0.1",
            "safe-buffer": "5.1.1"
          }
        }
      }
    },
    "miller-rabin": {
      "version": "4.0.1",
      "resolved": "https://registry.npmjs.org/miller-rabin/-/miller-rabin-4.0.1.tgz",
      "integrity": "sha512-115fLhvZVqWwHPbClyntxEVfVDfl9DLLTuJvq3g2O/Oxi8AiNouAHvDSzHS0viUJc+V5vm3eq91Xwqn9dp4jRA==",
      "requires": {
        "bn.js": "4.11.8",
        "brorand": "1.1.0"
      }
    },
    "minimalistic-assert": {
      "version": "1.0.0",
      "resolved": "https://registry.npmjs.org/minimalistic-assert/-/minimalistic-assert-1.0.0.tgz",
      "integrity": "sha1-cCvi3aazf0g2vLP121ZkG2Sh09M="
    },
    "minimalistic-crypto-utils": {
      "version": "1.0.1",
      "resolved": "https://registry.npmjs.org/minimalistic-crypto-utils/-/minimalistic-crypto-utils-1.0.1.tgz",
      "integrity": "sha1-9sAMHAsIIkblxNmd+4x8CDsrWCo="
    },
    "os-browserify": {
      "version": "0.3.0",
      "resolved": "https://registry.npmjs.org/os-browserify/-/os-browserify-0.3.0.tgz",
      "integrity": "sha1-hUNzx/XCMVkU/Jv8a9gjj92h7Cc="
    },
    "parse-asn1": {
      "version": "5.1.0",
      "resolved": "https://registry.npmjs.org/parse-asn1/-/parse-asn1-5.1.0.tgz",
      "integrity": "sha1-N8T5t+06tlx0gXtfJICTf7+XxxI=",
      "requires": {
        "asn1.js": "4.9.2",
        "browserify-aes": "1.1.1",
        "create-hash": "1.1.3",
        "evp_bytestokey": "1.0.3",
        "pbkdf2": "3.0.14"
      }
    },
    "path-browserify": {
      "version": "0.0.0",
      "resolved": "https://registry.npmjs.org/path-browserify/-/path-browserify-0.0.0.tgz",
      "integrity": "sha1-oLhwcpquIUAFt9UDLsLLuw+0RRo="
    },
    "path-parse": {
      "version": "1.0.5",
      "resolved": "https://registry.npmjs.org/path-parse/-/path-parse-1.0.5.tgz",
      "integrity": "sha1-PBrfhx6pzWyUMbbqK9dKD/BVxME="
    },
    "pbkdf2": {
      "version": "3.0.14",
      "resolved": "https://registry.npmjs.org/pbkdf2/-/pbkdf2-3.0.14.tgz",
      "integrity": "sha512-gjsZW9O34fm0R7PaLHRJmLLVfSoesxztjPjE9o6R+qtVJij90ltg1joIovN9GKrRW3t1PzhDDG3UMEMFfZ+1wA==",
      "requires": {
        "create-hash": "1.1.3",
        "create-hmac": "1.1.6",
        "ripemd160": "2.0.1",
        "safe-buffer": "5.1.1",
        "sha.js": "2.4.9"
      }
    },
    "popper.js": {
      "version": "1.13.0",
      "resolved": "https://registry.npmjs.org/popper.js/-/popper.js-1.13.0.tgz",
      "integrity": "sha1-4ef/ZcxD98+c8W8VEKdegfhPRWU="
    },
    "process": {
      "version": "0.11.10",
      "resolved": "https://registry.npmjs.org/process/-/process-0.11.10.tgz",
      "integrity": "sha1-czIwDoQBYb2j5podHZGn1LwW8YI="
    },
    "public-encrypt": {
      "version": "4.0.0",
      "resolved": "https://registry.npmjs.org/public-encrypt/-/public-encrypt-4.0.0.tgz",
      "integrity": "sha1-OfaZ86RlYN1eusvKaTyvfGXBjMY=",
      "requires": {
        "bn.js": "4.11.8",
        "browserify-rsa": "4.0.1",
        "create-hash": "1.1.3",
        "parse-asn1": "5.1.0",
        "randombytes": "2.0.5"
      }
    },
    "punycode": {
      "version": "2.0.1",
      "resolved": "https://registry.npmjs.org/punycode/-/punycode-2.0.1.tgz",
      "integrity": "sha1-PxQv2ObvTpziSsv3uoaf+bANLCs="
    },
    "randombytes": {
      "version": "2.0.5",
      "resolved": "https://registry.npmjs.org/randombytes/-/randombytes-2.0.5.tgz",
      "integrity": "sha512-8T7Zn1AhMsQ/HI1SjcCfT/t4ii3eAqco3yOcSzS4mozsOz69lHLsoMXmF9nZgnFanYscnSlUSgs8uZyKzpE6kg==",
      "requires": {
        "safe-buffer": "5.1.1"
      }
    },
    "resolve": {
      "version": "1.5.0",
      "resolved": "https://registry.npmjs.org/resolve/-/resolve-1.5.0.tgz",
      "integrity": "sha512-hgoSGrc3pjzAPHNBg+KnFcK2HwlHTs/YrAGUr6qgTVUZmXv1UEXXl0bZNBKMA9fud6lRYFdPGz0xXxycPzmmiw==",
      "requires": {
        "path-parse": "1.0.5"
      }
    },
    "ripemd160": {
      "version": "2.0.1",
      "resolved": "https://registry.npmjs.org/ripemd160/-/ripemd160-2.0.1.tgz",
      "integrity": "sha1-D0WEKVxTo2KK9+bXmsohzlfRxuc=",
      "requires": {
        "hash-base": "2.0.2",
        "inherits": "2.0.1"
      }
    },
    "safe-buffer": {
      "version": "5.1.1",
      "resolved": "https://registry.npmjs.org/safe-buffer/-/safe-buffer-5.1.1.tgz",
      "integrity": "sha512-kKvNJn6Mm93gAczWVJg7wH+wGYWNrDHdWvpUmHyEsgCtIwwo3bqPtV4tR5tuPaUhTOo/kvhVwd8XwwOllGYkbg=="
    },
    "sha.js": {
      "version": "2.4.9",
      "resolved": "https://registry.npmjs.org/sha.js/-/sha.js-2.4.9.tgz",
      "integrity": "sha512-G8zektVqbiPHrylgew9Zg1VRB1L/DtXNUVAM6q4QLy8NE3qtHlFXTf8VLL4k1Yl6c7NMjtZUTdXV+X44nFaT6A==",
      "requires": {
        "inherits": "2.0.1",
        "safe-buffer": "5.1.1"
      }
    },
    "shuttle-canstrap": {
      "version": "1.0.10",
      "resolved": "https://registry.npmjs.org/shuttle-canstrap/-/shuttle-canstrap-1.0.10.tgz",
      "integrity": "sha512-cEDV4b/bIc7lvIrFSGFMxydSgiTtVj7618w4twCdP2szDjQ6dikGx7OL/YlkfRvyzCJ+EGXXcSsxd2QKzb7PKw==",
      "requires": {
        "bootstrap": "4.0.0-beta.2",
        "can-component": "3.3.7",
        "can-compute": "3.3.10",
        "can-connect": "1.5.12",
        "can-define": "1.5.4",
        "can-route": "3.2.4",
        "can-route-pushstate": "3.2.1",
        "can-set": "1.3.3",
        "can-stache": "3.14.4",
        "can-stache-bindings": "3.11.5",
        "font-awesome": "4.7.0",
        "popper.js": "1.13.0",
        "steal": "1.6.2",
        "steal-css": "1.3.1",
        "tether": "1.4.3"
      }
    },
    "steal": {
      "version": "1.6.2",
      "resolved": "https://registry.npmjs.org/steal/-/steal-1.6.2.tgz",
      "integrity": "sha512-erXaaaqRulRlxgSIKuyL3jlRSzaiyPaIR9kNESSZBuSPat2rAuU3QS1KRFApnPekg6DkjV87XwYThkpTmwQWgg==",
      "requires": {
        "assert": "1.4.1",
        "buffer": "5.0.8",
        "console-browserify": "1.1.0",
        "constants-browserify": "1.0.0",
        "crypto-browserify": "3.11.1",
        "domain-browser": "1.1.7",
        "events": "1.1.1",
        "http-browserify": "1.7.0",
        "https-browserify": "1.0.0",
        "os-browserify": "0.3.0",
        "path-browserify": "0.0.0",
        "process": "0.11.10",
        "punycode": "2.0.1",
        "resolve": "1.5.0",
        "string_decoder": "1.0.3",
        "tty-browserify": "0.0.0",
        "vm-browserify": "0.0.4",
        "zlib-browserify": "0.0.3"
      }
    },
    "steal-css": {
      "version": "1.3.1",
      "resolved": "https://registry.npmjs.org/steal-css/-/steal-css-1.3.1.tgz",
      "integrity": "sha1-1nAGuykxCDkv/PfTHz5ugydReHI="
    },
    "steal-stache": {
      "version": "3.1.3",
      "resolved": "https://registry.npmjs.org/steal-stache/-/steal-stache-3.1.3.tgz",
      "integrity": "sha512-VnN+W1GpetqdmJeo/rCGBFVXdLwFnRKhg6HoyBXY6h5Y+KSfJcDBhsrmqA57di3Qkm54JM19/bHTfPbHf2qnvw==",
      "requires": {
        "can-stache": "3.14.4",
        "can-stache-bindings": "3.11.5",
        "can-view-import": "3.2.6",
        "jquery": "3.2.1"
      }
    },
    "string_decoder": {
      "version": "1.0.3",
      "resolved": "https://registry.npmjs.org/string_decoder/-/string_decoder-1.0.3.tgz",
      "integrity": "sha512-4AH6Z5fzNNBcH+6XDMfA/BTt87skxqJlO0lAh3Dker5zThcAxG6mKz+iGu308UKoPPQ8Dcqx/4JhujzltRa+hQ==",
      "requires": {
        "safe-buffer": "5.1.1"
      }
    },
    "tape": {
      "version": "0.2.2",
      "resolved": "https://registry.npmjs.org/tape/-/tape-0.2.2.tgz",
      "integrity": "sha1-ZMz6S37PSgBgAH5hcW1CR4FnFjc=",
      "requires": {
        "deep-equal": "0.0.0",
        "defined": "0.0.0",
        "jsonify": "0.0.0"
      }
    },
    "tether": {
      "version": "1.4.3",
      "resolved": "https://registry.npmjs.org/tether/-/tether-1.4.3.tgz",
      "integrity": "sha512-YCfE/Ym9MpZpzUmzbek7MiLEyTofxx2YS0rJfSOUXX0aZtfQgxcgw7/Re2oGJUsREWZtEF0DzBKCjqH+DzgL6A=="
    },
    "tty-browserify": {
      "version": "0.0.0",
      "resolved": "https://registry.npmjs.org/tty-browserify/-/tty-browserify-0.0.0.tgz",
      "integrity": "sha1-oVe6QC2iTpv5V/mqadUk7tQpAaY="
    },
    "util": {
      "version": "0.10.3",
      "resolved": "https://registry.npmjs.org/util/-/util-0.10.3.tgz",
      "integrity": "sha1-evsa/lCAUkZInj23/g7TeTNqwPk=",
      "requires": {
        "inherits": "2.0.1"
      }
    },
    "validate.js": {
      "version": "0.11.1",
      "resolved": "https://registry.npmjs.org/validate.js/-/validate.js-0.11.1.tgz",
      "integrity": "sha1-9Rw8bEpW5jgKIKfrEEJFA38qVA0="
    },
    "vm-browserify": {
      "version": "0.0.4",
      "resolved": "https://registry.npmjs.org/vm-browserify/-/vm-browserify-0.0.4.tgz",
      "integrity": "sha1-XX6kW7755Kb/ZflUOOCofDV9WnM=",
      "requires": {
        "indexof": "0.0.1"
      }
    },
    "zlib-browserify": {
      "version": "0.0.3",
      "resolved": "https://registry.npmjs.org/zlib-browserify/-/zlib-browserify-0.0.3.tgz",
      "integrity": "sha1-JAzNv9AgP6hCsTDe77FBQSLIzFA=",
      "requires": {
        "tape": "0.2.2"
      }
    }
  }
}
